
Microsoft Visual Studio Solution File, Format Version 12.00
# Visual Studio 14
VisualStudioVersion = 14.0.25420.1
MinimumVisualStudioVersion = 10.0.40219.1
Project("{FAE04EC0-301F-11D3-BF4B-00C04F79EFBC}") = "Common", "Common\Common.csproj", "{892CBE15-9ED7-4540-81FA-0EAABA592138}"
EndProject
Project("{FAE04EC0-301F-11D3-BF4B-00C04F79EFBC}") = "NetworkModelService", "NetworkModelService\NetworkModelService.csproj", "{2630D180-1B68-4E84-AEAC-42EE8C88B50F}"
EndProject
Project("{2150E333-8FDC-42A3-9474-1A3956D46DE8}") = "NetworkModelService", "NetworkModelService", "{2D3AD0FE-93BD-433C-A720-6C58407C123A}"
EndProject
Project("{2150E333-8FDC-42A3-9474-1A3956D46DE8}") = "Common", "Common", "{CCD12760-7B63-43EC-B069-164AA203825F}"
EndProject
Project("{2150E333-8FDC-42A3-9474-1A3956D46DE8}") = "WPFClient", "WPFClient", "{8F821332-83C6-4035-B965-6CC484999955}"
EndProject
Project("{FAE04EC0-301F-11D3-BF4B-00C04F79EFBC}") = "AMIClient", "AMIClient\AMIClient.csproj", "{E12A17FC-BCD4-4C3D-ACFA-0E36C624043E}"
EndProject
Project("{2150E333-8FDC-42A3-9474-1A3956D46DE8}") = "ServiceContracts", "ServiceContracts", "{56DF3099-7700-4AB5-8595-07E29C18412B}"
EndProject
Project("{FAE04EC0-301F-11D3-BF4B-00C04F79EFBC}") = "ServiceContracts", "ServiceContracts\NetworkModelQueryContract\ServiceContracts.csproj", "{B726FB71-D295-41EE-9644-B2B0B1BC8911}"
EndProject
Project("{FAE04EC0-301F-11D3-BF4B-00C04F79EFBC}") = "CIMAdapter", "CIMAdapter\CIMAdapter.csproj", "{F680D34F-C148-4314-8914-B2DF3E7B17AF}"
EndProject
Project("{FAE04EC0-301F-11D3-BF4B-00C04F79EFBC}") = "CIMParser", "CIMParser\CIMParser.csproj", "{3C03A41C-BE4C-40A8-97D5-5DBAC0C34102}"
EndProject
Project("{FAE04EC0-301F-11D3-BF4B-00C04F79EFBC}") = "DataModel", "NetworkModelService\DataModel\DataModel.csproj", "{ADE96497-7C11-40B6-AE82-57F956C9F104}"
EndProject
Project("{FAE04EC0-301F-11D3-BF4B-00C04F79EFBC}") = "NetworkModelServiceSelfHost", "NetworkModelService\ServiceHost\NetworkModelServiceSelfHost\NetworkModelServiceSelfHost.csproj", "{E112FFCC-BD88-4056-99E1-0991A0E82588}"
EndProject
Project("{2150E333-8FDC-42A3-9474-1A3956D46DE8}") = "Tests", "Tests", "{CF7DE48D-AAB7-483C-8328-0C4C11B2F602}"
EndProject
Project("{2150E333-8FDC-42A3-9474-1A3956D46DE8}") = "NetworkModelServiceTest", "NetworkModelServiceTest", "{126ECFA2-DFC7-44F2-BE22-DBA9B33CFBDC}"
EndProject
Project("{FAE04EC0-301F-11D3-BF4B-00C04F79EFBC}") = "DataModelTest", "DataModelTest\DataModelTest.csproj", "{721CF68D-32A5-4236-88F9-6A32CF429DA0}"
EndProject
Project("{FAE04EC0-301F-11D3-BF4B-00C04F79EFBC}") = "CIMAdapterTest", "CIMAdapterTest\CIMAdapterTest.csproj", "{4D590A39-B55D-4550-B10E-E31071EF73E2}"
EndProject
Project("{FAE04EC0-301F-11D3-BF4B-00C04F79EFBC}") = "AMISimulator", "AMISimulator\AMISimulator.csproj", "{64221F5E-FB8A-4630-8B94-24A1504EBFF5}"
EndProject
Project("{FAE04EC0-301F-11D3-BF4B-00C04F79EFBC}") = "SCADA", "SCADA\SCADA.csproj", "{C694CF02-8788-4C07-929E-AA4E20B4E913}"
EndProject
Project("{FAE04EC0-301F-11D3-BF4B-00C04F79EFBC}") = "AMIClientTest", "AMIClientTest\AMIClientTest.csproj", "{73E48A37-07A4-4AE3-8A6E-3C70FF12E102}"
EndProject
Project("{FAE04EC0-301F-11D3-BF4B-00C04F79EFBC}") = "CalculationEngine", "CalculationEngine\CalculationEngine.csproj", "{3D8F41E3-A5F4-4949-864E-4FBDF15D8CAA}"
EndProject
Project("{FAE04EC0-301F-11D3-BF4B-00C04F79EFBC}") = "TransactionCoordinator", "TransactionCoordinator\TransactionCoordinator.csproj", "{7C559229-34B2-43D3-BF21-2A58E9BDE51F}"
EndProject
Project("{2150E333-8FDC-42A3-9474-1A3956D46DE8}") = "CommonTest", "CommonTest", "{D5A9A0CB-9CDB-425A-861C-5C97A68C62D6}"
EndProject
Project("{FAE04EC0-301F-11D3-BF4B-00C04F79EFBC}") = "CommonTest", "CommonTest\CommonTest.csproj", "{87E01A6D-33AA-46AB-A810-F31148DC0A66}"
EndProject
Project("{FAE04EC0-301F-11D3-BF4B-00C04F79EFBC}") = "NetworkModelServiceTest", "NetworkModelServiceTest\NetworkModelServiceTest.csproj", "{48B6B880-F98C-4768-AC79-C499C74224B7}"
EndProject
Project("{FAE04EC0-301F-11D3-BF4B-00C04F79EFBC}") = "SmartCacheCE", "SmartCacheCE\SmartCacheCE.csproj", "{8ACB9739-15EC-4C41-BB87-966A1D378138}"
EndProject
Project("{FAE04EC0-301F-11D3-BF4B-00C04F79EFBC}") = "NMSDatabase", "NMSDatabase\NMSDatabase.csproj", "{44C76968-BAB6-426F-81AD-B7C59F0D488B}"
EndProject
Global
	GlobalSection(SolutionConfigurationPlatforms) = preSolution
		Debug|Any CPU = Debug|Any CPU
		Debug|x64 = Debug|x64
		Debug|x86 = Debug|x86
		Release|Any CPU = Release|Any CPU
		Release|x64 = Release|x64
		Release|x86 = Release|x86
	EndGlobalSection
	GlobalSection(ProjectConfigurationPlatforms) = postSolution
		{892CBE15-9ED7-4540-81FA-0EAABA592138}.Debug|Any CPU.ActiveCfg = Debug|x86
		{892CBE15-9ED7-4540-81FA-0EAABA592138}.Debug|Any CPU.Build.0 = Debug|x86
		{892CBE15-9ED7-4540-81FA-0EAABA592138}.Debug|x64.ActiveCfg = Debug|x86
		{892CBE15-9ED7-4540-81FA-0EAABA592138}.Debug|x64.Build.0 = Debug|x86
		{892CBE15-9ED7-4540-81FA-0EAABA592138}.Debug|x86.ActiveCfg = Debug|x86
		{892CBE15-9ED7-4540-81FA-0EAABA592138}.Debug|x86.Build.0 = Debug|x86
		{892CBE15-9ED7-4540-81FA-0EAABA592138}.Release|Any CPU.ActiveCfg = Release|x86
		{892CBE15-9ED7-4540-81FA-0EAABA592138}.Release|x64.ActiveCfg = Release|x64
		{892CBE15-9ED7-4540-81FA-0EAABA592138}.Release|x64.Build.0 = Release|x64
		{892CBE15-9ED7-4540-81FA-0EAABA592138}.Release|x86.ActiveCfg = Release|x86
		{892CBE15-9ED7-4540-81FA-0EAABA592138}.Release|x86.Build.0 = Release|x86
		{2630D180-1B68-4E84-AEAC-42EE8C88B50F}.Debug|Any CPU.ActiveCfg = Debug|x86
		{2630D180-1B68-4E84-AEAC-42EE8C88B50F}.Debug|Any CPU.Build.0 = Debug|x86
		{2630D180-1B68-4E84-AEAC-42EE8C88B50F}.Debug|x64.ActiveCfg = Debug|x86
		{2630D180-1B68-4E84-AEAC-42EE8C88B50F}.Debug|x64.Build.0 = Debug|x86
		{2630D180-1B68-4E84-AEAC-42EE8C88B50F}.Debug|x86.ActiveCfg = Debug|x86
		{2630D180-1B68-4E84-AEAC-42EE8C88B50F}.Debug|x86.Build.0 = Debug|x86
		{2630D180-1B68-4E84-AEAC-42EE8C88B50F}.Release|Any CPU.ActiveCfg = Release|x86
		{2630D180-1B68-4E84-AEAC-42EE8C88B50F}.Release|x64.ActiveCfg = Release|x64
		{2630D180-1B68-4E84-AEAC-42EE8C88B50F}.Release|x64.Build.0 = Release|x64
		{2630D180-1B68-4E84-AEAC-42EE8C88B50F}.Release|x86.ActiveCfg = Release|x86
		{2630D180-1B68-4E84-AEAC-42EE8C88B50F}.Release|x86.Build.0 = Release|x86
		{E12A17FC-BCD4-4C3D-ACFA-0E36C624043E}.Debug|Any CPU.ActiveCfg = Debug|x86
		{E12A17FC-BCD4-4C3D-ACFA-0E36C624043E}.Debug|Any CPU.Build.0 = Debug|x86
		{E12A17FC-BCD4-4C3D-ACFA-0E36C624043E}.Debug|x64.ActiveCfg = Debug|x64
		{E12A17FC-BCD4-4C3D-ACFA-0E36C624043E}.Debug|x64.Build.0 = Debug|x64
		{E12A17FC-BCD4-4C3D-ACFA-0E36C624043E}.Debug|x86.ActiveCfg = Debug|Any CPU
		{E12A17FC-BCD4-4C3D-ACFA-0E36C624043E}.Debug|x86.Build.0 = Debug|Any CPU
		{E12A17FC-BCD4-4C3D-ACFA-0E36C624043E}.Release|Any CPU.ActiveCfg = Release|Any CPU
		{E12A17FC-BCD4-4C3D-ACFA-0E36C624043E}.Release|Any CPU.Build.0 = Release|Any CPU
		{E12A17FC-BCD4-4C3D-ACFA-0E36C624043E}.Release|x64.ActiveCfg = Release|Any CPU
		{E12A17FC-BCD4-4C3D-ACFA-0E36C624043E}.Release|x64.Build.0 = Release|Any CPU
		{E12A17FC-BCD4-4C3D-ACFA-0E36C624043E}.Release|x86.ActiveCfg = Release|Any CPU
		{E12A17FC-BCD4-4C3D-ACFA-0E36C624043E}.Release|x86.Build.0 = Release|Any CPU
		{B726FB71-D295-41EE-9644-B2B0B1BC8911}.Debug|Any CPU.ActiveCfg = Debug|x86
		{B726FB71-D295-41EE-9644-B2B0B1BC8911}.Debug|Any CPU.Build.0 = Debug|x86
		{B726FB71-D295-41EE-9644-B2B0B1BC8911}.Debug|x64.ActiveCfg = Debug|x86
		{B726FB71-D295-41EE-9644-B2B0B1BC8911}.Debug|x64.Build.0 = Debug|x86
		{B726FB71-D295-41EE-9644-B2B0B1BC8911}.Debug|x86.ActiveCfg = Debug|x86
		{B726FB71-D295-41EE-9644-B2B0B1BC8911}.Debug|x86.Build.0 = Debug|x86
		{B726FB71-D295-41EE-9644-B2B0B1BC8911}.Release|Any CPU.ActiveCfg = Release|x86
		{B726FB71-D295-41EE-9644-B2B0B1BC8911}.Release|x64.ActiveCfg = Release|x64
		{B726FB71-D295-41EE-9644-B2B0B1BC8911}.Release|x64.Build.0 = Release|x64
		{B726FB71-D295-41EE-9644-B2B0B1BC8911}.Release|x86.ActiveCfg = Release|x86
		{B726FB71-D295-41EE-9644-B2B0B1BC8911}.Release|x86.Build.0 = Release|x86
		{F680D34F-C148-4314-8914-B2DF3E7B17AF}.Debug|Any CPU.ActiveCfg = Debug|x86
		{F680D34F-C148-4314-8914-B2DF3E7B17AF}.Debug|Any CPU.Build.0 = Debug|x86
		{F680D34F-C148-4314-8914-B2DF3E7B17AF}.Debug|x64.ActiveCfg = Debug|x86
		{F680D34F-C148-4314-8914-B2DF3E7B17AF}.Debug|x64.Build.0 = Debug|x86
		{F680D34F-C148-4314-8914-B2DF3E7B17AF}.Debug|x86.ActiveCfg = Debug|x86
		{F680D34F-C148-4314-8914-B2DF3E7B17AF}.Debug|x86.Build.0 = Debug|x86
		{F680D34F-C148-4314-8914-B2DF3E7B17AF}.Release|Any CPU.ActiveCfg = Release|x86
		{F680D34F-C148-4314-8914-B2DF3E7B17AF}.Release|x64.ActiveCfg = Release|x64
		{F680D34F-C148-4314-8914-B2DF3E7B17AF}.Release|x64.Build.0 = Release|x64
		{F680D34F-C148-4314-8914-B2DF3E7B17AF}.Release|x86.ActiveCfg = Release|x86
		{F680D34F-C148-4314-8914-B2DF3E7B17AF}.Release|x86.Build.0 = Release|x86
		{3C03A41C-BE4C-40A8-97D5-5DBAC0C34102}.Debug|Any CPU.ActiveCfg = Debug|x86
		{3C03A41C-BE4C-40A8-97D5-5DBAC0C34102}.Debug|Any CPU.Build.0 = Debug|x86
		{3C03A41C-BE4C-40A8-97D5-5DBAC0C34102}.Debug|x64.ActiveCfg = Debug|x86
		{3C03A41C-BE4C-40A8-97D5-5DBAC0C34102}.Debug|x64.Build.0 = Debug|x86
		{3C03A41C-BE4C-40A8-97D5-5DBAC0C34102}.Debug|x86.ActiveCfg = Debug|x86
		{3C03A41C-BE4C-40A8-97D5-5DBAC0C34102}.Debug|x86.Build.0 = Debug|x86
		{3C03A41C-BE4C-40A8-97D5-5DBAC0C34102}.Release|Any CPU.ActiveCfg = Release|x86
		{3C03A41C-BE4C-40A8-97D5-5DBAC0C34102}.Release|x64.ActiveCfg = Release|x64
		{3C03A41C-BE4C-40A8-97D5-5DBAC0C34102}.Release|x64.Build.0 = Release|x64
		{3C03A41C-BE4C-40A8-97D5-5DBAC0C34102}.Release|x86.ActiveCfg = Release|x86
		{3C03A41C-BE4C-40A8-97D5-5DBAC0C34102}.Release|x86.Build.0 = Release|x86
		{ADE96497-7C11-40B6-AE82-57F956C9F104}.Debug|Any CPU.ActiveCfg = Debug|x86
		{ADE96497-7C11-40B6-AE82-57F956C9F104}.Debug|Any CPU.Build.0 = Debug|x86
		{ADE96497-7C11-40B6-AE82-57F956C9F104}.Debug|x64.ActiveCfg = Debug|x86
		{ADE96497-7C11-40B6-AE82-57F956C9F104}.Debug|x64.Build.0 = Debug|x86
		{ADE96497-7C11-40B6-AE82-57F956C9F104}.Debug|x86.ActiveCfg = Debug|x86
		{ADE96497-7C11-40B6-AE82-57F956C9F104}.Debug|x86.Build.0 = Debug|x86
		{ADE96497-7C11-40B6-AE82-57F956C9F104}.Release|Any CPU.ActiveCfg = Release|x86
		{ADE96497-7C11-40B6-AE82-57F956C9F104}.Release|x64.ActiveCfg = Release|x64
		{ADE96497-7C11-40B6-AE82-57F956C9F104}.Release|x64.Build.0 = Release|x64
		{ADE96497-7C11-40B6-AE82-57F956C9F104}.Release|x86.ActiveCfg = Release|x86
		{ADE96497-7C11-40B6-AE82-57F956C9F104}.Release|x86.Build.0 = Release|x86
		{E112FFCC-BD88-4056-99E1-0991A0E82588}.Debug|Any CPU.ActiveCfg = Debug|x86
		{E112FFCC-BD88-4056-99E1-0991A0E82588}.Debug|Any CPU.Build.0 = Debug|x86
		{E112FFCC-BD88-4056-99E1-0991A0E82588}.Debug|x64.ActiveCfg = Debug|x86
		{E112FFCC-BD88-4056-99E1-0991A0E82588}.Debug|x64.Build.0 = Debug|x86
		{E112FFCC-BD88-4056-99E1-0991A0E82588}.Debug|x86.ActiveCfg = Debug|x86
		{E112FFCC-BD88-4056-99E1-0991A0E82588}.Debug|x86.Build.0 = Debug|x86
		{E112FFCC-BD88-4056-99E1-0991A0E82588}.Release|Any CPU.ActiveCfg = Release|x86
		{E112FFCC-BD88-4056-99E1-0991A0E82588}.Release|x64.ActiveCfg = Release|x64
		{E112FFCC-BD88-4056-99E1-0991A0E82588}.Release|x64.Build.0 = Release|x64
		{E112FFCC-BD88-4056-99E1-0991A0E82588}.Release|x86.ActiveCfg = Release|x86
		{E112FFCC-BD88-4056-99E1-0991A0E82588}.Release|x86.Build.0 = Release|x86
		{721CF68D-32A5-4236-88F9-6A32CF429DA0}.Debug|Any CPU.ActiveCfg = Debug|x86
		{721CF68D-32A5-4236-88F9-6A32CF429DA0}.Debug|Any CPU.Build.0 = Debug|x86
		{721CF68D-32A5-4236-88F9-6A32CF429DA0}.Debug|x64.ActiveCfg = Debug|Any CPU
		{721CF68D-32A5-4236-88F9-6A32CF429DA0}.Debug|x86.ActiveCfg = Debug|Any CPU
		{721CF68D-32A5-4236-88F9-6A32CF429DA0}.Debug|x86.Build.0 = Debug|Any CPU
		{721CF68D-32A5-4236-88F9-6A32CF429DA0}.Release|Any CPU.ActiveCfg = Release|Any CPU
		{721CF68D-32A5-4236-88F9-6A32CF429DA0}.Release|Any CPU.Build.0 = Release|Any CPU
		{721CF68D-32A5-4236-88F9-6A32CF429DA0}.Release|x64.ActiveCfg = Release|Any CPU
		{721CF68D-32A5-4236-88F9-6A32CF429DA0}.Release|x64.Build.0 = Release|Any CPU
		{721CF68D-32A5-4236-88F9-6A32CF429DA0}.Release|x86.ActiveCfg = Release|Any CPU
		{721CF68D-32A5-4236-88F9-6A32CF429DA0}.Release|x86.Build.0 = Release|Any CPU
		{4D590A39-B55D-4550-B10E-E31071EF73E2}.Debug|Any CPU.ActiveCfg = Debug|x86
		{4D590A39-B55D-4550-B10E-E31071EF73E2}.Debug|Any CPU.Build.0 = Debug|x86
		{4D590A39-B55D-4550-B10E-E31071EF73E2}.Debug|x64.ActiveCfg = Debug|Any CPU
		{4D590A39-B55D-4550-B10E-E31071EF73E2}.Debug|x86.ActiveCfg = Debug|Any CPU
		{4D590A39-B55D-4550-B10E-E31071EF73E2}.Debug|x86.Build.0 = Debug|Any CPU
		{4D590A39-B55D-4550-B10E-E31071EF73E2}.Release|Any CPU.ActiveCfg = Release|Any CPU
		{4D590A39-B55D-4550-B10E-E31071EF73E2}.Release|Any CPU.Build.0 = Release|Any CPU
		{4D590A39-B55D-4550-B10E-E31071EF73E2}.Release|x64.ActiveCfg = Release|Any CPU
		{4D590A39-B55D-4550-B10E-E31071EF73E2}.Release|x64.Build.0 = Release|Any CPU
		{4D590A39-B55D-4550-B10E-E31071EF73E2}.Release|x86.ActiveCfg = Release|Any CPU
		{4D590A39-B55D-4550-B10E-E31071EF73E2}.Release|x86.Build.0 = Release|Any CPU
		{64221F5E-FB8A-4630-8B94-24A1504EBFF5}.Debug|Any CPU.ActiveCfg = Debug|x86
		{64221F5E-FB8A-4630-8B94-24A1504EBFF5}.Debug|Any CPU.Build.0 = Debug|x86
		{64221F5E-FB8A-4630-8B94-24A1504EBFF5}.Debug|x64.ActiveCfg = Debug|Any CPU
		{64221F5E-FB8A-4630-8B94-24A1504EBFF5}.Debug|x64.Build.0 = Debug|Any CPU
		{64221F5E-FB8A-4630-8B94-24A1504EBFF5}.Debug|x86.ActiveCfg = Debug|Any CPU
		{64221F5E-FB8A-4630-8B94-24A1504EBFF5}.Debug|x86.Build.0 = Debug|Any CPU
		{64221F5E-FB8A-4630-8B94-24A1504EBFF5}.Release|Any CPU.ActiveCfg = Release|Any CPU
		{64221F5E-FB8A-4630-8B94-24A1504EBFF5}.Release|Any CPU.Build.0 = Release|Any CPU
		{64221F5E-FB8A-4630-8B94-24A1504EBFF5}.Release|x64.ActiveCfg = Release|Any CPU
		{64221F5E-FB8A-4630-8B94-24A1504EBFF5}.Release|x64.Build.0 = Release|Any CPU
		{64221F5E-FB8A-4630-8B94-24A1504EBFF5}.Release|x86.ActiveCfg = Release|Any CPU
		{64221F5E-FB8A-4630-8B94-24A1504EBFF5}.Release|x86.Build.0 = Release|Any CPU
		{C694CF02-8788-4C07-929E-AA4E20B4E913}.Debug|Any CPU.ActiveCfg = Debug|x86
		{C694CF02-8788-4C07-929E-AA4E20B4E913}.Debug|Any CPU.Build.0 = Debug|x86
		{C694CF02-8788-4C07-929E-AA4E20B4E913}.Debug|x64.ActiveCfg = Debug|Any CPU
		{C694CF02-8788-4C07-929E-AA4E20B4E913}.Debug|x64.Build.0 = Debug|Any CPU
		{C694CF02-8788-4C07-929E-AA4E20B4E913}.Debug|x86.ActiveCfg = Debug|Any CPU
		{C694CF02-8788-4C07-929E-AA4E20B4E913}.Debug|x86.Build.0 = Debug|Any CPU
		{C694CF02-8788-4C07-929E-AA4E20B4E913}.Release|Any CPU.ActiveCfg = Release|Any CPU
		{C694CF02-8788-4C07-929E-AA4E20B4E913}.Release|Any CPU.Build.0 = Release|Any CPU
		{C694CF02-8788-4C07-929E-AA4E20B4E913}.Release|x64.ActiveCfg = Release|Any CPU
		{C694CF02-8788-4C07-929E-AA4E20B4E913}.Release|x64.Build.0 = Release|Any CPU
		{C694CF02-8788-4C07-929E-AA4E20B4E913}.Release|x86.ActiveCfg = Release|Any CPU
		{C694CF02-8788-4C07-929E-AA4E20B4E913}.Release|x86.Build.0 = Release|Any CPU
		{73E48A37-07A4-4AE3-8A6E-3C70FF12E102}.Debug|Any CPU.ActiveCfg = Debug|x86
		{73E48A37-07A4-4AE3-8A6E-3C70FF12E102}.Debug|Any CPU.Build.0 = Debug|x86
		{73E48A37-07A4-4AE3-8A6E-3C70FF12E102}.Debug|x64.ActiveCfg = Debug|Any CPU
		{73E48A37-07A4-4AE3-8A6E-3C70FF12E102}.Debug|x86.ActiveCfg = Debug|Any CPU
		{73E48A37-07A4-4AE3-8A6E-3C70FF12E102}.Debug|x86.Build.0 = Debug|Any CPU
		{73E48A37-07A4-4AE3-8A6E-3C70FF12E102}.Release|Any CPU.ActiveCfg = Release|Any CPU
		{73E48A37-07A4-4AE3-8A6E-3C70FF12E102}.Release|Any CPU.Build.0 = Release|Any CPU
		{73E48A37-07A4-4AE3-8A6E-3C70FF12E102}.Release|x64.ActiveCfg = Release|Any CPU
		{73E48A37-07A4-4AE3-8A6E-3C70FF12E102}.Release|x64.Build.0 = Release|Any CPU
		{73E48A37-07A4-4AE3-8A6E-3C70FF12E102}.Release|x86.ActiveCfg = Release|Any CPU
		{73E48A37-07A4-4AE3-8A6E-3C70FF12E102}.Release|x86.Build.0 = Release|Any CPU
		{3D8F41E3-A5F4-4949-864E-4FBDF15D8CAA}.Debug|Any CPU.ActiveCfg = Debug|x86
		{3D8F41E3-A5F4-4949-864E-4FBDF15D8CAA}.Debug|Any CPU.Build.0 = Debug|x86
		{3D8F41E3-A5F4-4949-864E-4FBDF15D8CAA}.Debug|x64.ActiveCfg = Debug|x86
		{3D8F41E3-A5F4-4949-864E-4FBDF15D8CAA}.Debug|x64.Build.0 = Debug|x86
		{3D8F41E3-A5F4-4949-864E-4FBDF15D8CAA}.Debug|x86.ActiveCfg = Debug|Any CPU
		{3D8F41E3-A5F4-4949-864E-4FBDF15D8CAA}.Debug|x86.Build.0 = Debug|Any CPU
		{3D8F41E3-A5F4-4949-864E-4FBDF15D8CAA}.Release|Any CPU.ActiveCfg = Release|Any CPU
		{3D8F41E3-A5F4-4949-864E-4FBDF15D8CAA}.Release|Any CPU.Build.0 = Release|Any CPU
		{3D8F41E3-A5F4-4949-864E-4FBDF15D8CAA}.Release|x64.ActiveCfg = Release|Any CPU
		{3D8F41E3-A5F4-4949-864E-4FBDF15D8CAA}.Release|x64.Build.0 = Release|Any CPU
		{3D8F41E3-A5F4-4949-864E-4FBDF15D8CAA}.Release|x86.ActiveCfg = Release|Any CPU
		{3D8F41E3-A5F4-4949-864E-4FBDF15D8CAA}.Release|x86.Build.0 = Release|Any CPU
		{7C559229-34B2-43D3-BF21-2A58E9BDE51F}.Debug|Any CPU.ActiveCfg = Debug|Any CPU
		{7C559229-34B2-43D3-BF21-2A58E9BDE51F}.Debug|Any CPU.Build.0 = Debug|Any CPU
		{7C559229-34B2-43D3-BF21-2A58E9BDE51F}.Debug|x64.ActiveCfg = Debug|x86
		{7C559229-34B2-43D3-BF21-2A58E9BDE51F}.Debug|x64.Build.0 = Debug|x86
		{7C559229-34B2-43D3-BF21-2A58E9BDE51F}.Debug|x86.ActiveCfg = Debug|x86
		{7C559229-34B2-43D3-BF21-2A58E9BDE51F}.Debug|x86.Build.0 = Debug|x86
		{7C559229-34B2-43D3-BF21-2A58E9BDE51F}.Release|Any CPU.ActiveCfg = Release|Any CPU
		{7C559229-34B2-43D3-BF21-2A58E9BDE51F}.Release|Any CPU.Build.0 = Release|Any CPU
		{7C559229-34B2-43D3-BF21-2A58E9BDE51F}.Release|x64.ActiveCfg = Release|Any CPU
		{7C559229-34B2-43D3-BF21-2A58E9BDE51F}.Release|x64.Build.0 = Release|Any CPU
		{7C559229-34B2-43D3-BF21-2A58E9BDE51F}.Release|x86.ActiveCfg = Release|x86
		{7C559229-34B2-43D3-BF21-2A58E9BDE51F}.Release|x86.Build.0 = Release|x86
		{87E01A6D-33AA-46AB-A810-F31148DC0A66}.Debug|Any CPU.ActiveCfg = Debug|Any CPU
		{87E01A6D-33AA-46AB-A810-F31148DC0A66}.Debug|Any CPU.Build.0 = Debug|Any CPU
		{87E01A6D-33AA-46AB-A810-F31148DC0A66}.Debug|x64.ActiveCfg = Debug|Any CPU
		{87E01A6D-33AA-46AB-A810-F31148DC0A66}.Debug|x64.Build.0 = Debug|Any CPU
		{87E01A6D-33AA-46AB-A810-F31148DC0A66}.Debug|x86.ActiveCfg = Debug|Any CPU
		{87E01A6D-33AA-46AB-A810-F31148DC0A66}.Debug|x86.Build.0 = Debug|Any CPU
		{87E01A6D-33AA-46AB-A810-F31148DC0A66}.Release|Any CPU.ActiveCfg = Release|Any CPU
		{87E01A6D-33AA-46AB-A810-F31148DC0A66}.Release|Any CPU.Build.0 = Release|Any CPU
		{87E01A6D-33AA-46AB-A810-F31148DC0A66}.Release|x64.ActiveCfg = Release|Any CPU
		{87E01A6D-33AA-46AB-A810-F31148DC0A66}.Release|x64.Build.0 = Release|Any CPU
		{87E01A6D-33AA-46AB-A810-F31148DC0A66}.Release|x86.ActiveCfg = Release|Any CPU
		{87E01A6D-33AA-46AB-A810-F31148DC0A66}.Release|x86.Build.0 = Release|Any CPU
		{48B6B880-F98C-4768-AC79-C499C74224B7}.Debug|Any CPU.ActiveCfg = Debug|Any CPU
		{48B6B880-F98C-4768-AC79-C499C74224B7}.Debug|Any CPU.Build.0 = Debug|Any CPU
		{48B6B880-F98C-4768-AC79-C499C74224B7}.Debug|x64.ActiveCfg = Debug|Any CPU
		{48B6B880-F98C-4768-AC79-C499C74224B7}.Debug|x64.Build.0 = Debug|Any CPU
		{48B6B880-F98C-4768-AC79-C499C74224B7}.Debug|x86.ActiveCfg = Debug|Any CPU
		{48B6B880-F98C-4768-AC79-C499C74224B7}.Debug|x86.Build.0 = Debug|Any CPU
		{48B6B880-F98C-4768-AC79-C499C74224B7}.Release|Any CPU.ActiveCfg = Release|Any CPU
		{48B6B880-F98C-4768-AC79-C499C74224B7}.Release|Any CPU.Build.0 = Release|Any CPU
		{48B6B880-F98C-4768-AC79-C499C74224B7}.Release|x64.ActiveCfg = Release|Any CPU
		{48B6B880-F98C-4768-AC79-C499C74224B7}.Release|x64.Build.0 = Release|Any CPU
		{48B6B880-F98C-4768-AC79-C499C74224B7}.Release|x86.ActiveCfg = Release|Any CPU
		{48B6B880-F98C-4768-AC79-C499C74224B7}.Release|x86.Build.0 = Release|Any CPU
		{8ACB9739-15EC-4C41-BB87-966A1D378138}.Debug|Any CPU.ActiveCfg = Debug|Any CPU
		{8ACB9739-15EC-4C41-BB87-966A1D378138}.Debug|Any CPU.Build.0 = Debug|Any CPU
		{8ACB9739-15EC-4C41-BB87-966A1D378138}.Debug|x64.ActiveCfg = Debug|Any CPU
		{8ACB9739-15EC-4C41-BB87-966A1D378138}.Debug|x64.Build.0 = Debug|Any CPU
		{8ACB9739-15EC-4C41-BB87-966A1D378138}.Debug|x86.ActiveCfg = Debug|Any CPU
		{8ACB9739-15EC-4C41-BB87-966A1D378138}.Debug|x86.Build.0 = Debug|Any CPU
		{8ACB9739-15EC-4C41-BB87-966A1D378138}.Release|Any CPU.ActiveCfg = Release|Any CPU
		{8ACB9739-15EC-4C41-BB87-966A1D378138}.Release|Any CPU.Build.0 = Release|Any CPU
		{8ACB9739-15EC-4C41-BB87-966A1D378138}.Release|x64.ActiveCfg = Release|Any CPU
		{8ACB9739-15EC-4C41-BB87-966A1D378138}.Release|x64.Build.0 = Release|Any CPU
		{8ACB9739-15EC-4C41-BB87-966A1D378138}.Release|x86.ActiveCfg = Release|Any CPU
		{8ACB9739-15EC-4C41-BB87-966A1D378138}.Release|x86.Build.0 = Release|Any CPU
		{44C76968-BAB6-426F-81AD-B7C59F0D488B}.Debug|Any CPU.ActiveCfg = Debug|Any CPU
		{44C76968-BAB6-426F-81AD-B7C59F0D488B}.Debug|Any CPU.Build.0 = Debug|Any CPU
		{44C76968-BAB6-426F-81AD-B7C59F0D488B}.Debug|x64.ActiveCfg = Debug|Any CPU
		{44C76968-BAB6-426F-81AD-B7C59F0D488B}.Debug|x64.Build.0 = Debug|Any CPU
		{44C76968-BAB6-426F-81AD-B7C59F0D488B}.Debug|x86.ActiveCfg = Debug|Any CPU
		{44C76968-BAB6-426F-81AD-B7C59F0D488B}.Debug|x86.Build.0 = Debug|Any CPU
		{44C76968-BAB6-426F-81AD-B7C59F0D488B}.Release|Any CPU.ActiveCfg = Release|Any CPU
		{44C76968-BAB6-426F-81AD-B7C59F0D488B}.Release|Any CPU.Build.0 = Release|Any CPU
		{44C76968-BAB6-426F-81AD-B7C59F0D488B}.Release|x64.ActiveCfg = Release|Any CPU
		{44C76968-BAB6-426F-81AD-B7C59F0D488B}.Release|x64.Build.0 = Release|Any CPU
		{44C76968-BAB6-426F-81AD-B7C59F0D488B}.Release|x86.ActiveCfg = Release|Any CPU
		{44C76968-BAB6-426F-81AD-B7C59F0D488B}.Release|x86.Build.0 = Release|Any CPU
	EndGlobalSection
	GlobalSection(SolutionProperties) = preSolution
		HideSolutionNode = FALSE
	EndGlobalSection
	GlobalSection(NestedProjects) = preSolution
		{892CBE15-9ED7-4540-81FA-0EAABA592138} = {CCD12760-7B63-43EC-B069-164AA203825F}
		{2630D180-1B68-4E84-AEAC-42EE8C88B50F} = {2D3AD0FE-93BD-433C-A720-6C58407C123A}
		{E12A17FC-BCD4-4C3D-ACFA-0E36C624043E} = {8F821332-83C6-4035-B965-6CC484999955}
		{B726FB71-D295-41EE-9644-B2B0B1BC8911} = {56DF3099-7700-4AB5-8595-07E29C18412B}
		{ADE96497-7C11-40B6-AE82-57F956C9F104} = {2D3AD0FE-93BD-433C-A720-6C58407C123A}
		{E112FFCC-BD88-4056-99E1-0991A0E82588} = {2D3AD0FE-93BD-433C-A720-6C58407C123A}
		{126ECFA2-DFC7-44F2-BE22-DBA9B33CFBDC} = {CF7DE48D-AAB7-483C-8328-0C4C11B2F602}
		{721CF68D-32A5-4236-88F9-6A32CF429DA0} = {126ECFA2-DFC7-44F2-BE22-DBA9B33CFBDC}
		{4D590A39-B55D-4550-B10E-E31071EF73E2} = {CF7DE48D-AAB7-483C-8328-0C4C11B2F602}
		{73E48A37-07A4-4AE3-8A6E-3C70FF12E102} = {CF7DE48D-AAB7-483C-8328-0C4C11B2F602}
		{D5A9A0CB-9CDB-425A-861C-5C97A68C62D6} = {CF7DE48D-AAB7-483C-8328-0C4C11B2F602}
		{87E01A6D-33AA-46AB-A810-F31148DC0A66} = {D5A9A0CB-9CDB-425A-861C-5C97A68C62D6}
		{48B6B880-F98C-4768-AC79-C499C74224B7} = {126ECFA2-DFC7-44F2-BE22-DBA9B33CFBDC}
		{44C76968-BAB6-426F-81AD-B7C59F0D488B} = {2D3AD0FE-93BD-433C-A720-6C58407C123A}
	EndGlobalSection
EndGlobal
